
Microsoft Visual Studio Solution File, Format Version 12.00
# Visual Studio Version 17
VisualStudioVersion = 17.0.31903.59
MinimumVisualStudioVersion = 10.0.40219.1
Project("{FAE04EC0-301F-11D3-BF4B-00C04F79EFBC}") = "CoursePlatform.API", "CoursePlatform.API\CoursePlatform.API.csproj", "{4BBCF36A-662E-4757-AA22-4196FC7A3B0C}"
EndProject
Project("{FAE04EC0-301F-11D3-BF4B-00C04F79EFBC}") = "CoursePlatform.Core", "CoursePlatform.Core\CoursePlatform.Core.csproj", "{90B16B3E-5A3D-4D1B-8A17-053257DED86A}"
EndProject
Project("{FAE04EC0-301F-11D3-BF4B-00C04F79EFBC}") = "CoursePlatform.Infrastructure", "CoursePlatform.Infrastructure\CoursePlatform.Infrastructure.csproj", "{1B016C6D-FDCF-483C-937B-714ED79D431E}"
EndProject
Project("{FAE04EC0-301F-11D3-BF4B-00C04F79EFBC}") = "CoursePlatform.Tests", "CoursePlatform.Tests\CoursePlatform.Tests.csproj", "{5548AE3F-236A-4B7B-851C-8FF9B3A82F83}"
EndProject
Global
	GlobalSection(SolutionConfigurationPlatforms) = preSolution
		Debug|Any CPU = Debug|Any CPU
		Release|Any CPU = Release|Any CPU
	EndGlobalSection
	GlobalSection(SolutionProperties) = preSolution
		HideSolutionNode = FALSE
	EndGlobalSection
	GlobalSection(ProjectConfigurationPlatforms) = postSolution
		{4BBCF36A-662E-4757-AA22-4196FC7A3B0C}.Debug|Any CPU.ActiveCfg = Debug|Any CPU
		{4BBCF36A-662E-4757-AA22-4196FC7A3B0C}.Debug|Any CPU.Build.0 = Debug|Any CPU
		{4BBCF36A-662E-4757-AA22-4196FC7A3B0C}.Release|Any CPU.ActiveCfg = Release|Any CPU
		{4BBCF36A-662E-4757-AA22-4196FC7A3B0C}.Release|Any CPU.Build.0 = Release|Any CPU
		{90B16B3E-5A3D-4D1B-8A17-053257DED86A}.Debug|Any CPU.ActiveCfg = Debug|Any CPU
		{90B16B3E-5A3D-4D1B-8A17-053257DED86A}.Debug|Any CPU.Build.0 = Debug|Any CPU
		{90B16B3E-5A3D-4D1B-8A17-053257DED86A}.Release|Any CPU.ActiveCfg = Release|Any CPU
		{90B16B3E-5A3D-4D1B-8A17-053257DED86A}.Release|Any CPU.Build.0 = Release|Any CPU
		{1B016C6D-FDCF-483C-937B-714ED79D431E}.Debug|Any CPU.ActiveCfg = Debug|Any CPU
		{1B016C6D-FDCF-483C-937B-714ED79D431E}.Debug|Any CPU.Build.0 = Debug|Any CPU
		{1B016C6D-FDCF-483C-937B-714ED79D431E}.Release|Any CPU.ActiveCfg = Release|Any CPU
		{1B016C6D-FDCF-483C-937B-714ED79D431E}.Release|Any CPU.Build.0 = Release|Any CPU
		{5548AE3F-236A-4B7B-851C-8FF9B3A82F83}.Debug|Any CPU.ActiveCfg = Debug|Any CPU
		{5548AE3F-236A-4B7B-851C-8FF9B3A82F83}.Debug|Any CPU.Build.0 = Debug|Any CPU
		{5548AE3F-236A-4B7B-851C-8FF9B3A82F83}.Release|Any CPU.ActiveCfg = Release|Any CPU
		{5548AE3F-236A-4B7B-851C-8FF9B3A82F83}.Release|Any CPU.Build.0 = Release|Any CPU
	EndGlobalSection
EndGlobal
